
Microsoft Visual Studio Solution File, Format Version 12.00
# Visual Studio Version 17
VisualStudioVersion = 17.4.33213.308
MinimumVisualStudioVersion = 10.0.40219.1
Project("{9A19103F-16F7-4668-BE54-9A1E7A4F7556}") = "WebApiHomeTask", "WebApiHomeTask\WebApiHomeTask.csproj", "{F87A9548-4529-42C9-A0A2-11016829472B}"
EndProject
Project("{FAE04EC0-301F-11D3-BF4B-00C04F79EFBC}") = "WebApiHomeTaskSpecFlow", "WebApiHomeTaskSpecFlow\WebApiHomeTaskSpecFlow.csproj", "{0D9F2408-E0E2-49BE-BE27-AE2DAF48B757}"
EndProject
Global
	GlobalSection(SolutionConfigurationPlatforms) = preSolution
		Debug|Any CPU = Debug|Any CPU
		Release|Any CPU = Release|Any CPU
	EndGlobalSection
	GlobalSection(ProjectConfigurationPlatforms) = postSolution
		{F87A9548-4529-42C9-A0A2-11016829472B}.Debug|Any CPU.ActiveCfg = Debug|Any CPU
		{F87A9548-4529-42C9-A0A2-11016829472B}.Debug|Any CPU.Build.0 = Debug|Any CPU
		{F87A9548-4529-42C9-A0A2-11016829472B}.Release|Any CPU.ActiveCfg = Release|Any CPU
		{F87A9548-4529-42C9-A0A2-11016829472B}.Release|Any CPU.Build.0 = Release|Any CPU
		{0D9F2408-E0E2-49BE-BE27-AE2DAF48B757}.Debug|Any CPU.ActiveCfg = Debug|Any CPU
		{0D9F2408-E0E2-49BE-BE27-AE2DAF48B757}.Debug|Any CPU.Build.0 = Debug|Any CPU
		{0D9F2408-E0E2-49BE-BE27-AE2DAF48B757}.Release|Any CPU.ActiveCfg = Release|Any CPU
		{0D9F2408-E0E2-49BE-BE27-AE2DAF48B757}.Release|Any CPU.Build.0 = Release|Any CPU
	EndGlobalSection
	GlobalSection(SolutionProperties) = preSolution
		HideSolutionNode = FALSE
	EndGlobalSection
	GlobalSection(ExtensibilityGlobals) = postSolution
		SolutionGuid = {0FEF79B1-222E-4C48-9E36-DEDC98C1923F}
	EndGlobalSection
EndGlobal
